github.com/gordonklaus/portaudio v0.0.0-20230709114228-aafa478834f5 h1:5AlozfqaVjGYGhms2OsdUyfdJME76E6rx5MdGpjzZpc=
github.com/gordonklaus/portaudio v0.0.0-20230709114228-aafa478834f5/go.mod h1:WY8R6YKlI2ZI3UyzFk7P6yGSuS+hFwNtEzrexRyD7Es=
github.com/mjibson/go-dsp v0.0.0-20180508042940-11479a337f12 h1:dd7vnTDfjtwCETZDrRe+GPYNLA1jBtbZeyfyE8eZCyk=
github.com/mjibson/go-dsp v0.0.0-20180508042940-11479a337f12/go.mod h1:i/KKcxEWEO8Yyl11DYafRPKOPVYTrhxiTRigjtEEXZU=
github.com/mkb218/gosndfile v0.0.0-20171006180803-e0c9ef895ee2 h1:VxuHU1GzpitRcSRQLMsYzmiR4AWli0ZIAwuay3nAdng=
github.com/mkb218/gosndfile v0.0.0-20171006180803-e0c9ef895ee2/go.mod h1:Bt3M0pOPhXFJld5U1F484ASifG9E1Tych5ukWdGXnxw=
github.com/rakyll/portmidi v0.0.0-20201020180702-d436ceaa537a h1:+qeh9b4LlO8AYVvm+TG4OXDRwBynTLk82t0HDBBBOQ8=
github.com/rakyll/portmidi v0.0.0-20201020180702-d436ceaa537a/go.mod h1:xKffaBd7e1YUoLpR2azvJqkxEdUDNGNDMlsUNdv6Bcs=
github.com/unixpickle/speechrecog v0.0.0-20170624223534-26fe002aceba h1:RRorluoRPzp6A91Q9VMFtjwiQ869pvEI4Flo0z1jLkc=
github.com/unixpickle/speechrecog v0.0.0-20170624223534-26fe002aceba/go.mod h1:y4CokOjQtb1ZJJyc6/LZLNDx6IIdX3nKXABHQ+2dNAo=
